NeoBundleLock emmet-vim 0ccaa29dbde268888be21705b0de5de89b59ef48
NeoBundleLock jellybeans.vim f931895c20681684278aef2ffd810730b9c36ec3
NeoBundleLock lightline.vim b6a43c0ec3d2236d950abfb5e94476f11a25ab0b
NeoBundleLock molokai c67bdfcdb31415aa0ade7f8c003261700a885476
NeoBundleLock molokai_dark 1b2cab8a7f4189dc8cf786d58c10ec7786c70bcb
NeoBundleLock mrkn256.vim 2b70ac8cf87e1919f7cfda3b0daa964661c47265
NeoBundleLock neobundle.vim 8254c568723700a3885bf0ec3a1ec98410d3969c
NeoBundleLock unite.vim 01addeb3054bcb109618329d5ab0c5397e005b97
NeoBundleLock vim-autoclose a9a3b7384657bc1f60a963fd6c08c63fc48d61c3
NeoBundleLock vim-colors-solarized 528a59f26d12278698bb946f8fb82a63711eec21
NeoBundleLock vim-monokai 9f1a9d07a54505a69bd5447e216ded19e2ebe97f
NeoBundleLock vim-tomorrow-theme f45a2ca260d825b6aee72621f8f6158d815ac472
